
Microsoft Visual Studio Solution File, Format Version 12.00
# Visual Studio Version 17
VisualStudioVersion = 17.13.35931.197 d17.13
MinimumVisualStudioVersion = 10.0.40219.1
Project("{FAE04EC0-301F-11D3-BF4B-00C04F79EFBC}") = "ChessGame2", "ChessGame2.csproj", "{C1271426-6DD6-47FC-ACBA-68FE6CF47405}"
EndProject
Global
	GlobalSection(SolutionConfigurationPlatforms) = preSolution
		Debug|Any CPU = Debug|Any CPU
		Release|Any CPU = Release|Any CPU
	EndGlobalSection
	GlobalSection(ProjectConfigurationPlatforms) = postSolution
		{C1271426-6DD6-47FC-ACBA-68FE6CF47405}.Debug|Any CPU.ActiveCfg = Debug|Any CPU
		{C1271426-6DD6-47FC-ACBA-68FE6CF47405}.Debug|Any CPU.Build.0 = Debug|Any CPU
		{C1271426-6DD6-47FC-ACBA-68FE6CF47405}.Release|Any CPU.ActiveCfg = Release|Any CPU
		{C1271426-6DD6-47FC-ACBA-68FE6CF47405}.Release|Any CPU.Build.0 = Release|Any CPU
	EndGlobalSection
	GlobalSection(SolutionProperties) = preSolution
		HideSolutionNode = FALSE
	EndGlobalSection
	GlobalSection(ExtensibilityGlobals) = postSolution
		SolutionGuid = {C81D8312-D2A8-4305-9300-4FFB56A92392}
	EndGlobalSection
EndGlobal
